
Microsoft Visual Studio Solution File, Format Version 12.00
# Visual Studio Version 17
VisualStudioVersion = 17.2.32630.192
MinimumVisualStudioVersion = 10.0.40219.1
Project("{9A19103F-16F7-4668-BE54-9A1E7A4F7556}") = "R5T.L0096.Construction", "R5T.L0096.Construction\R5T.L0096.Construction.csproj", "{DF8EAC7B-A93C-4D06-9132-F513563452A1}"
EndProject
Project("{9A19103F-16F7-4668-BE54-9A1E7A4F7556}") = "R5T.L0096", "R5T.L0096\R5T.L0096.csproj", "{7761D386-CFFE-4F58-B2A0-49A6B22A1C6B}"
EndProject
Project("{9A19103F-16F7-4668-BE54-9A1E7A4F7556}") = "R5T.L0096.T000", "R5T.L0096.T000\R5T.L0096.T000.csproj", "{CEFC974C-6638-4818-BE52-D9858B7221BE}"
EndProject
Project("{2150E333-8FDC-42A3-9474-1A3956D46DE8}") = "_Dependencies", "_Dependencies", "{69B44C59-54A2-49C5-8E2E-54DCD37FF2DD}"
EndProject
Project("{9A19103F-16F7-4668-BE54-9A1E7A4F7556}") = "R5T.F0000", "..\..\R5T.F0000\source\R5T.F0000\R5T.F0000.csproj", "{FBEC6687-BE60-4F7F-97D6-DD6D2C64B077}"
EndProject
Project("{9A19103F-16F7-4668-BE54-9A1E7A4F7556}") = "R5T.F0002", "..\..\R5T.F0002\source\R5T.F0002\R5T.F0002.csproj", "{A6F124C7-E9BE-498F-AB1C-BA135AB22AFE}"
EndProject
Project("{9A19103F-16F7-4668-BE54-9A1E7A4F7556}") = "R5T.F0059", "..\..\R5T.F0059\source\R5T.F0059\R5T.F0059.csproj", "{9EF7972A-E038-4865-94B3-8C7DBE1FFDF0}"
EndProject
Project("{9A19103F-16F7-4668-BE54-9A1E7A4F7556}") = "R5T.F0120", "..\..\R5T.F0120\source\R5T.F0120\R5T.F0120.csproj", "{6FE1E299-078D-4910-B165-CA630A1D6CD4}"
EndProject
Project("{9A19103F-16F7-4668-BE54-9A1E7A4F7556}") = "R5T.F0124", "..\..\R5T.F0124\source\R5T.F0124\R5T.F0124.csproj", "{948E9E08-B04C-410F-ADF1-17FF11A3CB27}"
EndProject
Project("{9A19103F-16F7-4668-BE54-9A1E7A4F7556}") = "R5T.F0125", "..\..\R5T.F0125\source\R5T.F0125\R5T.F0125.csproj", "{D503A302-3CB1-492C-A829-5E3D240A495C}"
EndProject
Project("{9A19103F-16F7-4668-BE54-9A1E7A4F7556}") = "R5T.L0030.T000", "..\..\R5T.L0030\source\R5T.L0030.T000\R5T.L0030.T000.csproj", "{7D3C2EF4-D775-4524-943A-4831FBDC68CC}"
EndProject
Project("{9A19103F-16F7-4668-BE54-9A1E7A4F7556}") = "R5T.L0030", "..\..\R5T.L0030\source\R5T.L0030\R5T.L0030.csproj", "{2150F7F3-9BC4-4DBD-9FDD-57A2891435A9}"
EndProject
Project("{9A19103F-16F7-4668-BE54-9A1E7A4F7556}") = "R5T.L0034", "..\..\R5T.L0034\source\R5T.L0034\R5T.L0034.csproj", "{BD0BF1E9-D6DD-43C2-9EF1-C8973C9BD344}"
EndProject
Project("{9A19103F-16F7-4668-BE54-9A1E7A4F7556}") = "R5T.L0035", "..\..\R5T.L0035\source\R5T.L0035\R5T.L0035.csproj", "{FA27F37C-8CB2-4314-A118-EE71534746FC}"
EndProject
Project("{9A19103F-16F7-4668-BE54-9A1E7A4F7556}") = "R5T.L0053", "..\..\R5T.L0053\source\R5T.L0053\R5T.L0053.csproj", "{0C9D0CB4-49FA-4D38-B0CB-BAD15D924E0D}"
EndProject
Project("{9A19103F-16F7-4668-BE54-9A1E7A4F7556}") = "R5T.L0056", "..\..\R5T.L0056\source\R5T.L0056\R5T.L0056.csproj", "{9ACB051A-AD39-42CC-A0B5-743B4FD577A4}"
EndProject
Project("{9A19103F-16F7-4668-BE54-9A1E7A4F7556}") = "R5T.L0066", "..\..\R5T.L0066\source\R5T.L0066\R5T.L0066.csproj", "{C5BBBCD9-E766-482C-ADC4-54BF584F44D5}"
EndProject
Project("{9A19103F-16F7-4668-BE54-9A1E7A4F7556}") = "R5T.L0071", "..\..\R5T.L0071\source\R5T.L0071\R5T.L0071.csproj", "{78BD4EE3-D845-49E5-BD75-2C712B090B78}"
EndProject
Project("{9A19103F-16F7-4668-BE54-9A1E7A4F7556}") = "R5T.L0074", "..\..\R5T.L0074\source\R5T.L0074\R5T.L0074.csproj", "{0454894E-A1F5-4954-8937-37021A1BBE0C}"
EndProject
Project("{9A19103F-16F7-4668-BE54-9A1E7A4F7556}") = "R5T.L0089.F000", "..\..\R5T.L0089\source\R5T.L0089.F000\R5T.L0089.F000.csproj", "{4D93FA51-CA4A-41DF-B50A-164B9D93AA7D}"
EndProject
Project("{9A19103F-16F7-4668-BE54-9A1E7A4F7556}") = "R5T.L0089.T000", "..\..\R5T.L0089\source\R5T.L0089.T000\R5T.L0089.T000.csproj", "{0BD998CB-78F9-4B79-A02A-1BB056016447}"
EndProject
Project("{9A19103F-16F7-4668-BE54-9A1E7A4F7556}") = "R5T.L0089", "..\..\R5T.L0089\source\R5T.L0089\R5T.L0089.csproj", "{B0B95DCB-5FBD-4B10-B96E-B406C99333A7}"
EndProject
Project("{9A19103F-16F7-4668-BE54-9A1E7A4F7556}") = "R5T.NG0006", "..\..\R5T.NG0006\source\R5T.NG0006\R5T.NG0006.csproj", "{05FCDACC-73F7-4478-9CC7-90C1C81B9DEA}"
EndProject
Project("{9A19103F-16F7-4668-BE54-9A1E7A4F7556}") = "R5T.NG0022", "..\..\R5T.NG0022\source\R5T.NG0022\R5T.NG0022.csproj", "{02008E74-C9A4-4063-AE05-A0EE986701C8}"
EndProject
Project("{9A19103F-16F7-4668-BE54-9A1E7A4F7556}") = "R5T.T0131", "..\..\R5T.T0131\source\R5T.T0131\R5T.T0131.csproj", "{FAE18A6D-B1D9-4D05-8F14-4C80C09B50C5}"
EndProject
Project("{9A19103F-16F7-4668-BE54-9A1E7A4F7556}") = "R5T.T0132", "..\..\R5T.T0132\source\R5T.T0132\R5T.T0132.csproj", "{55777A05-B819-4341-B0C0-05541BD32EC9}"
EndProject
Project("{9A19103F-16F7-4668-BE54-9A1E7A4F7556}") = "R5T.T0142", "..\..\R5T.T0142\source\R5T.T0142\R5T.T0142.csproj", "{9662BF9C-9132-429A-9998-171C52AEEF74}"
EndProject
Project("{9A19103F-16F7-4668-BE54-9A1E7A4F7556}") = "R5T.T0143", "..\..\R5T.T0143\source\R5T.T0143\R5T.T0143.csproj", "{2F75B205-2FEA-48C5-811E-D4BED1EEC5B1}"
EndProject
Project("{9A19103F-16F7-4668-BE54-9A1E7A4F7556}") = "R5T.T0150", "..\..\R5T.T0150\source\R5T.T0150\R5T.T0150.csproj", "{2DAEF69D-230F-478E-959D-538D3E74F008}"
EndProject
Project("{9A19103F-16F7-4668-BE54-9A1E7A4F7556}") = "R5T.T0151", "..\..\R5T.T0151\source\R5T.T0151\R5T.T0151.csproj", "{01552B23-F822-4296-A6DD-2FF9D49B3CC0}"
EndProject
Project("{9A19103F-16F7-4668-BE54-9A1E7A4F7556}") = "R5T.T0156", "..\..\R5T.T0156\source\R5T.T0156\R5T.T0156.csproj", "{0618D785-C751-428C-A3BB-A61BBD998953}"
EndProject
Project("{9A19103F-16F7-4668-BE54-9A1E7A4F7556}") = "R5T.T0158", "..\..\R5T.T0158\source\R5T.T0158\R5T.T0158.csproj", "{185AFA82-2362-4638-8989-5877AA94BF90}"
EndProject
Project("{9A19103F-16F7-4668-BE54-9A1E7A4F7556}") = "R5T.T0159", "..\..\R5T.T0159\source\R5T.T0159\R5T.T0159.csproj", "{ECBC45F6-45CB-4C2D-A6A7-F17538FD581B}"
EndProject
Project("{9A19103F-16F7-4668-BE54-9A1E7A4F7556}") = "R5T.T0172", "..\..\R5T.T0172\source\R5T.T0172\R5T.T0172.csproj", "{BF4BFAB4-5202-4888-B71C-220E1E943A98}"
EndProject
Project("{9A19103F-16F7-4668-BE54-9A1E7A4F7556}") = "R5T.T0174", "..\..\R5T.T0174\source\R5T.T0174\R5T.T0174.csproj", "{76278941-D709-4D4F-95D0-043E7AED1281}"
EndProject
Project("{9A19103F-16F7-4668-BE54-9A1E7A4F7556}") = "R5T.T0176", "..\..\R5T.T0176\source\R5T.T0176\R5T.T0176.csproj", "{884514C7-8324-4D21-B397-D27E77A4BC16}"
EndProject
Project("{9A19103F-16F7-4668-BE54-9A1E7A4F7556}") = "R5T.T0177", "..\..\R5T.T0177\source\R5T.T0177\R5T.T0177.csproj", "{7F7954AA-16A3-4633-8B70-747B9B3FA836}"
EndProject
Project("{9A19103F-16F7-4668-BE54-9A1E7A4F7556}") = "R5T.T0178", "..\..\R5T.T0178\source\R5T.T0178\R5T.T0178.csproj", "{4B30701B-0650-4BAB-A82C-6B57776BF560}"
EndProject
Project("{9A19103F-16F7-4668-BE54-9A1E7A4F7556}") = "R5T.T0179", "..\..\R5T.T0179\source\R5T.T0179\R5T.T0179.csproj", "{410AA277-62AF-41A9-85D4-D0F8234AD71F}"
EndProject
Project("{9A19103F-16F7-4668-BE54-9A1E7A4F7556}") = "R5T.T0180", "..\..\R5T.T0180\source\R5T.T0180\R5T.T0180.csproj", "{BF0F2AFD-A8E7-4573-A494-D7216492EBEF}"
EndProject
Project("{9A19103F-16F7-4668-BE54-9A1E7A4F7556}") = "R5T.T0181", "..\..\R5T.T0181\source\R5T.T0181\R5T.T0181.csproj", "{15941583-D49F-4E0D-B94D-1C8362F8F981}"
EndProject
Project("{9A19103F-16F7-4668-BE54-9A1E7A4F7556}") = "R5T.T0185", "..\..\R5T.T0185\source\R5T.T0185\R5T.T0185.csproj", "{8BD7874A-CF21-4B5A-ACB0-07238EE8EDC6}"
EndProject
Project("{9A19103F-16F7-4668-BE54-9A1E7A4F7556}") = "R5T.T0199.T000", "..\..\R5T.T0199\source\R5T.T0199.T000\R5T.T0199.T000.csproj", "{2FA9660E-2851-4762-A9DE-3B62FC87C77F}"
EndProject
Project("{9A19103F-16F7-4668-BE54-9A1E7A4F7556}") = "R5T.T0199.T001", "..\..\R5T.T0199\source\R5T.T0199.T001\R5T.T0199.T001.csproj", "{3DF3966A-6073-41BE-9D6D-BB56B1C475AB}"
EndProject
Project("{9A19103F-16F7-4668-BE54-9A1E7A4F7556}") = "R5T.T0199", "..\..\R5T.T0199\source\R5T.T0199\R5T.T0199.csproj", "{9306502E-AFB1-48B1-8CC3-88C5BF3189F7}"
EndProject
Project("{9A19103F-16F7-4668-BE54-9A1E7A4F7556}") = "R5T.T0203", "..\..\R5T.T0203\source\R5T.T0203\R5T.T0203.csproj", "{6E99DA19-0EBA-4F65-B4F0-B1BB899CDB84}"
EndProject
Project("{9A19103F-16F7-4668-BE54-9A1E7A4F7556}") = "R5T.T0213", "..\..\R5T.T0213\source\R5T.T0213\R5T.T0213.csproj", "{A9EF3DDA-5F4D-4F2F-A783-641DD37073C8}"
EndProject
Project("{9A19103F-16F7-4668-BE54-9A1E7A4F7556}") = "R5T.T0218", "..\..\R5T.T0218\source\R5T.T0218\R5T.T0218.csproj", "{D586D410-DABB-4769-B5FA-DA4A8D10EAC6}"
EndProject
Project("{9A19103F-16F7-4668-BE54-9A1E7A4F7556}") = "R5T.T0219", "..\..\R5T.T0219\source\R5T.T0219\R5T.T0219.csproj", "{E1FDAA90-4CFB-42C2-89AD-0D16A7638914}"
EndProject
Project("{9A19103F-16F7-4668-BE54-9A1E7A4F7556}") = "R5T.T0220", "..\..\R5T.T0220\source\R5T.T0220\R5T.T0220.csproj", "{CA113CFD-2752-4816-A2BD-C27FC3A7766B}"
EndProject
Project("{9A19103F-16F7-4668-BE54-9A1E7A4F7556}") = "R5T.T0221", "..\..\R5T.T0221\source\R5T.T0221\R5T.T0221.csproj", "{912F5B7C-CA4F-47B6-BEA0-B4B7ABD22A83}"
EndProject
Project("{9A19103F-16F7-4668-BE54-9A1E7A4F7556}") = "R5T.T0227", "..\..\R5T.T0227\source\R5T.T0227\R5T.T0227.csproj", "{28538875-CFF2-4764-BBEB-0E147884A3D2}"
EndProject
Project("{9A19103F-16F7-4668-BE54-9A1E7A4F7556}") = "R5T.Y0000", "..\..\R5T.Y0000\source\R5T.Y0000\R5T.Y0000.csproj", "{E50B3D27-400D-4935-AA6C-DC9131F1F942}"
EndProject
Project("{9A19103F-16F7-4668-BE54-9A1E7A4F7556}") = "R5T.Y0006", "..\..\R5T.Y0006\source\R5T.Y0006\R5T.Y0006.csproj", "{AFA612D1-1D41-4965-8045-52874683FC73}"
EndProject
Project("{9A19103F-16F7-4668-BE54-9A1E7A4F7556}") = "R5T.Z0000", "..\..\R5T.Z0000\source\R5T.Z0000\R5T.Z0000.csproj", "{204AB001-F3D6-4E84-AAF9-8443B4F2A8B1}"
EndProject
Project("{9A19103F-16F7-4668-BE54-9A1E7A4F7556}") = "R5T.Z0010.Platform", "..\..\R5T.Z0010\source\R5T.Z0010.Platform\R5T.Z0010.Platform.csproj", "{CDD637FA-3908-4E62-9C7B-94FC82C1E567}"
EndProject
Project("{9A19103F-16F7-4668-BE54-9A1E7A4F7556}") = "R5T.Z0010", "..\..\R5T.Z0010\source\R5T.Z0010\R5T.Z0010.csproj", "{AA7C0026-CCCE-4F7C-87A6-4DFB318E346A}"
EndProject
Project("{9A19103F-16F7-4668-BE54-9A1E7A4F7556}") = "R5T.Z0057.Platform", "..\..\R5T.Z0057\source\R5T.Z0057.Platform\R5T.Z0057.Platform.csproj", "{8F34E624-F5EC-4DEF-AFE6-A67D5CADC527}"
EndProject
Project("{9A19103F-16F7-4668-BE54-9A1E7A4F7556}") = "R5T.Z0057", "..\..\R5T.Z0057\source\R5T.Z0057\R5T.Z0057.csproj", "{F2C419F3-5A39-4AC9-BF5F-0E6DD12087AB}"
EndProject
Project("{9A19103F-16F7-4668-BE54-9A1E7A4F7556}") = "R5T.Z0058", "..\..\R5T.Z0058\source\R5T.Z0058\R5T.Z0058.csproj", "{D1F2DA4F-9FF9-4549-A9A3-31D5516CE703}"
EndProject
Project("{9A19103F-16F7-4668-BE54-9A1E7A4F7556}") = "R5T.T0240", "..\..\R5T.T0240\source\R5T.T0240\R5T.T0240.csproj", "{67A26AE2-D9EB-4080-8B85-DFD9EB39DF9B}"
EndProject
Project("{9A19103F-16F7-4668-BE54-9A1E7A4F7556}") = "R5T.L0096.O000", "R5T.L0096.O000\R5T.L0096.O000.csproj", "{6DCCDA1A-BBCF-4E02-B636-29174AC7F59D}"
EndProject
Project("{9A19103F-16F7-4668-BE54-9A1E7A4F7556}") = "R5T.T0241", "..\..\R5T.T0241\source\R5T.T0241\R5T.T0241.csproj", "{2910A7A4-2343-456D-8B8A-6FDA6B940CD4}"
EndProject
Project("{9A19103F-16F7-4668-BE54-9A1E7A4F7556}") = "R5T.F0040.F000", "..\..\R5T.F0040\source\R5T.F0040.F000\R5T.F0040.F000.csproj", "{4E6BDF68-F320-4571-840E-8745C833B557}"
EndProject
Project("{9A19103F-16F7-4668-BE54-9A1E7A4F7556}") = "R5T.F0052", "..\..\R5T.F0052\source\R5T.F0052\R5T.F0052.csproj", "{E19EBDF5-218A-4B5E-8751-02013E986D89}"
EndProject
Project("{9A19103F-16F7-4668-BE54-9A1E7A4F7556}") = "R5T.F0053", "..\..\R5T.F0053\source\R5T.F0053\R5T.F0053.csproj", "{7CE991F8-BD43-4701-8AF7-908997EEA25F}"
EndProject
Project("{9A19103F-16F7-4668-BE54-9A1E7A4F7556}") = "R5T.F0054", "..\..\R5T.F0054\source\R5T.F0054\R5T.F0054.csproj", "{DAF5DCA3-56D1-432F-AF77-7E10DC1BBD3A}"
EndProject
Project("{9A19103F-16F7-4668-BE54-9A1E7A4F7556}") = "R5T.L0096.O001", "R5T.L0096.O001\R5T.L0096.O001.csproj", "{7BCE6020-599B-4FDA-A146-FB218E151252}"
EndProject
Project("{9A19103F-16F7-4668-BE54-9A1E7A4F7556}") = "R5T.L0095.T000", "..\..\R5T.L0095\source\R5T.L0095.T000\R5T.L0095.T000.csproj", "{2834492E-97DA-40D4-88AB-104CF22B7047}"
EndProject
Project("{9A19103F-16F7-4668-BE54-9A1E7A4F7556}") = "R5T.L0096.O003", "R5T.L0096.O003\R5T.L0096.O003.csproj", "{58A7801D-59E7-49AC-B4A1-D843C068C2A1}"
EndProject
Project("{9A19103F-16F7-4668-BE54-9A1E7A4F7556}") = "R5T.L0032.F003", "..\..\R5T.L0032\source\R5T.L0032.F003\R5T.L0032.F003.csproj", "{A84A4F82-B9BA-4A5B-BB7E-B2C388D72B21}"
EndProject
Project("{9A19103F-16F7-4668-BE54-9A1E7A4F7556}") = "R5T.L0032.F004", "..\..\R5T.L0032\source\R5T.L0032.F004\R5T.L0032.F004.csproj", "{CF020762-38DA-4730-94FC-A33D2E181BAC}"
EndProject
Project("{9A19103F-16F7-4668-BE54-9A1E7A4F7556}") = "R5T.L0032.Y000", "..\..\R5T.L0032\source\R5T.L0032.Y000\R5T.L0032.Y000.csproj", "{03161172-19F3-4A3C-AC83-8B6075D558C8}"
EndProject
Project("{9A19103F-16F7-4668-BE54-9A1E7A4F7556}") = "R5T.L0032.Z001", "..\..\R5T.L0032\source\R5T.L0032.Z001\R5T.L0032.Z001.csproj", "{F959F1B3-1D27-4646-8F41-F92085128D9C}"
EndProject
Project("{9A19103F-16F7-4668-BE54-9A1E7A4F7556}") = "R5T.T0206", "..\..\R5T.T0206\source\R5T.T0206\R5T.T0206.csproj", "{FDFEA378-D2CC-45FB-8313-4425969DCBCC}"
EndProject
Project("{9A19103F-16F7-4668-BE54-9A1E7A4F7556}") = "R5T.L0091.T000", "..\..\R5T.L0091\source\R5T.L0091.T000\R5T.L0091.T000.csproj", "{05C82153-B418-41BC-9753-363271AFE654}"
EndProject
Project("{9A19103F-16F7-4668-BE54-9A1E7A4F7556}") = "R5T.L0092.T001", "..\..\R5T.L0092\source\R5T.L0092.T001\R5T.L0092.T001.csproj", "{B9B05B2A-9D4A-456B-9E83-A17D16C94DA5}"
EndProject
Project("{9A19103F-16F7-4668-BE54-9A1E7A4F7556}") = "R5T.T0244", "..\..\R5T.T0244\source\R5T.T0244\R5T.T0244.csproj", "{D8D0F1C1-53CC-46F6-974D-F0733F28628F}"
EndProject
Project("{9A19103F-16F7-4668-BE54-9A1E7A4F7556}") = "R5T.F0024.F001", "..\..\R5T.F0024\source\R5T.F0024.F001\R5T.F0024.F001.csproj", "{50222C12-FF6E-413E-9F32-2E8342F68891}"
EndProject
Project("{9A19103F-16F7-4668-BE54-9A1E7A4F7556}") = "R5T.F0024.T001", "..\..\R5T.F0024\source\R5T.F0024.T001\R5T.F0024.T001.csproj", "{186CCD9C-69A8-495B-AB6C-DCDFCB11ED84}"
EndProject
Project("{9A19103F-16F7-4668-BE54-9A1E7A4F7556}") = "R5T.Z0009", "..\..\R5T.Z0009\source\R5T.Z0009\R5T.Z0009.csproj", "{EB972A9A-2102-41EC-B01E-18E204C0DD2F}"
EndProject
Global
	GlobalSection(NestedProjects) = preSolution
		{FBEC6687-BE60-4F7F-97D6-DD6D2C64B077} = {69B44C59-54A2-49C5-8E2E-54DCD37FF2DD}
		{A6F124C7-E9BE-498F-AB1C-BA135AB22AFE} = {69B44C59-54A2-49C5-8E2E-54DCD37FF2DD}
		{9EF7972A-E038-4865-94B3-8C7DBE1FFDF0} = {69B44C59-54A2-49C5-8E2E-54DCD37FF2DD}
		{6FE1E299-078D-4910-B165-CA630A1D6CD4} = {69B44C59-54A2-49C5-8E2E-54DCD37FF2DD}
		{948E9E08-B04C-410F-ADF1-17FF11A3CB27} = {69B44C59-54A2-49C5-8E2E-54DCD37FF2DD}
		{D503A302-3CB1-492C-A829-5E3D240A495C} = {69B44C59-54A2-49C5-8E2E-54DCD37FF2DD}
		{7D3C2EF4-D775-4524-943A-4831FBDC68CC} = {69B44C59-54A2-49C5-8E2E-54DCD37FF2DD}
		{2150F7F3-9BC4-4DBD-9FDD-57A2891435A9} = {69B44C59-54A2-49C5-8E2E-54DCD37FF2DD}
		{BD0BF1E9-D6DD-43C2-9EF1-C8973C9BD344} = {69B44C59-54A2-49C5-8E2E-54DCD37FF2DD}
		{FA27F37C-8CB2-4314-A118-EE71534746FC} = {69B44C59-54A2-49C5-8E2E-54DCD37FF2DD}
		{0C9D0CB4-49FA-4D38-B0CB-BAD15D924E0D} = {69B44C59-54A2-49C5-8E2E-54DCD37FF2DD}
		{9ACB051A-AD39-42CC-A0B5-743B4FD577A4} = {69B44C59-54A2-49C5-8E2E-54DCD37FF2DD}
		{C5BBBCD9-E766-482C-ADC4-54BF584F44D5} = {69B44C59-54A2-49C5-8E2E-54DCD37FF2DD}
		{78BD4EE3-D845-49E5-BD75-2C712B090B78} = {69B44C59-54A2-49C5-8E2E-54DCD37FF2DD}
		{0454894E-A1F5-4954-8937-37021A1BBE0C} = {69B44C59-54A2-49C5-8E2E-54DCD37FF2DD}
		{4D93FA51-CA4A-41DF-B50A-164B9D93AA7D} = {69B44C59-54A2-49C5-8E2E-54DCD37FF2DD}
		{0BD998CB-78F9-4B79-A02A-1BB056016447} = {69B44C59-54A2-49C5-8E2E-54DCD37FF2DD}
		{B0B95DCB-5FBD-4B10-B96E-B406C99333A7} = {69B44C59-54A2-49C5-8E2E-54DCD37FF2DD}
		{05FCDACC-73F7-4478-9CC7-90C1C81B9DEA} = {69B44C59-54A2-49C5-8E2E-54DCD37FF2DD}
		{02008E74-C9A4-4063-AE05-A0EE986701C8} = {69B44C59-54A2-49C5-8E2E-54DCD37FF2DD}
		{FAE18A6D-B1D9-4D05-8F14-4C80C09B50C5} = {69B44C59-54A2-49C5-8E2E-54DCD37FF2DD}
		{55777A05-B819-4341-B0C0-05541BD32EC9} = {69B44C59-54A2-49C5-8E2E-54DCD37FF2DD}
		{9662BF9C-9132-429A-9998-171C52AEEF74} = {69B44C59-54A2-49C5-8E2E-54DCD37FF2DD}
		{2F75B205-2FEA-48C5-811E-D4BED1EEC5B1} = {69B44C59-54A2-49C5-8E2E-54DCD37FF2DD}
		{2DAEF69D-230F-478E-959D-538D3E74F008} = {69B44C59-54A2-49C5-8E2E-54DCD37FF2DD}
		{01552B23-F822-4296-A6DD-2FF9D49B3CC0} = {69B44C59-54A2-49C5-8E2E-54DCD37FF2DD}
		{0618D785-C751-428C-A3BB-A61BBD998953} = {69B44C59-54A2-49C5-8E2E-54DCD37FF2DD}
		{185AFA82-2362-4638-8989-5877AA94BF90} = {69B44C59-54A2-49C5-8E2E-54DCD37FF2DD}
		{ECBC45F6-45CB-4C2D-A6A7-F17538FD581B} = {69B44C59-54A2-49C5-8E2E-54DCD37FF2DD}
		{BF4BFAB4-5202-4888-B71C-220E1E943A98} = {69B44C59-54A2-49C5-8E2E-54DCD37FF2DD}
		{76278941-D709-4D4F-95D0-043E7AED1281} = {69B44C59-54A2-49C5-8E2E-54DCD37FF2DD}
		{884514C7-8324-4D21-B397-D27E77A4BC16} = {69B44C59-54A2-49C5-8E2E-54DCD37FF2DD}
		{7F7954AA-16A3-4633-8B70-747B9B3FA836} = {69B44C59-54A2-49C5-8E2E-54DCD37FF2DD}
		{4B30701B-0650-4BAB-A82C-6B57776BF560} = {69B44C59-54A2-49C5-8E2E-54DCD37FF2DD}
		{410AA277-62AF-41A9-85D4-D0F8234AD71F} = {69B44C59-54A2-49C5-8E2E-54DCD37FF2DD}
		{BF0F2AFD-A8E7-4573-A494-D7216492EBEF} = {69B44C59-54A2-49C5-8E2E-54DCD37FF2DD}
		{15941583-D49F-4E0D-B94D-1C8362F8F981} = {69B44C59-54A2-49C5-8E2E-54DCD37FF2DD}
		{8BD7874A-CF21-4B5A-ACB0-07238EE8EDC6} = {69B44C59-54A2-49C5-8E2E-54DCD37FF2DD}
		{2FA9660E-2851-4762-A9DE-3B62FC87C77F} = {69B44C59-54A2-49C5-8E2E-54DCD37FF2DD}
		{3DF3966A-6073-41BE-9D6D-BB56B1C475AB} = {69B44C59-54A2-49C5-8E2E-54DCD37FF2DD}
		{9306502E-AFB1-48B1-8CC3-88C5BF3189F7} = {69B44C59-54A2-49C5-8E2E-54DCD37FF2DD}
		{6E99DA19-0EBA-4F65-B4F0-B1BB899CDB84} = {69B44C59-54A2-49C5-8E2E-54DCD37FF2DD}
		{A9EF3DDA-5F4D-4F2F-A783-641DD37073C8} = {69B44C59-54A2-49C5-8E2E-54DCD37FF2DD}
		{D586D410-DABB-4769-B5FA-DA4A8D10EAC6} = {69B44C59-54A2-49C5-8E2E-54DCD37FF2DD}
		{E1FDAA90-4CFB-42C2-89AD-0D16A7638914} = {69B44C59-54A2-49C5-8E2E-54DCD37FF2DD}
		{CA113CFD-2752-4816-A2BD-C27FC3A7766B} = {69B44C59-54A2-49C5-8E2E-54DCD37FF2DD}
		{912F5B7C-CA4F-47B6-BEA0-B4B7ABD22A83} = {69B44C59-54A2-49C5-8E2E-54DCD37FF2DD}
		{28538875-CFF2-4764-BBEB-0E147884A3D2} = {69B44C59-54A2-49C5-8E2E-54DCD37FF2DD}
		{E50B3D27-400D-4935-AA6C-DC9131F1F942} = {69B44C59-54A2-49C5-8E2E-54DCD37FF2DD}
		{AFA612D1-1D41-4965-8045-52874683FC73} = {69B44C59-54A2-49C5-8E2E-54DCD37FF2DD}
		{204AB001-F3D6-4E84-AAF9-8443B4F2A8B1} = {69B44C59-54A2-49C5-8E2E-54DCD37FF2DD}
		{CDD637FA-3908-4E62-9C7B-94FC82C1E567} = {69B44C59-54A2-49C5-8E2E-54DCD37FF2DD}
		{AA7C0026-CCCE-4F7C-87A6-4DFB318E346A} = {69B44C59-54A2-49C5-8E2E-54DCD37FF2DD}
		{8F34E624-F5EC-4DEF-AFE6-A67D5CADC527} = {69B44C59-54A2-49C5-8E2E-54DCD37FF2DD}
		{F2C419F3-5A39-4AC9-BF5F-0E6DD12087AB} = {69B44C59-54A2-49C5-8E2E-54DCD37FF2DD}
		{D1F2DA4F-9FF9-4549-A9A3-31D5516CE703} = {69B44C59-54A2-49C5-8E2E-54DCD37FF2DD}
		{67A26AE2-D9EB-4080-8B85-DFD9EB39DF9B} = {69B44C59-54A2-49C5-8E2E-54DCD37FF2DD}
		{2910A7A4-2343-456D-8B8A-6FDA6B940CD4} = {69B44C59-54A2-49C5-8E2E-54DCD37FF2DD}
		{4E6BDF68-F320-4571-840E-8745C833B557} = {69B44C59-54A2-49C5-8E2E-54DCD37FF2DD}
		{E19EBDF5-218A-4B5E-8751-02013E986D89} = {69B44C59-54A2-49C5-8E2E-54DCD37FF2DD}
		{7CE991F8-BD43-4701-8AF7-908997EEA25F} = {69B44C59-54A2-49C5-8E2E-54DCD37FF2DD}
		{DAF5DCA3-56D1-432F-AF77-7E10DC1BBD3A} = {69B44C59-54A2-49C5-8E2E-54DCD37FF2DD}
		{2834492E-97DA-40D4-88AB-104CF22B7047} = {69B44C59-54A2-49C5-8E2E-54DCD37FF2DD}
		{A84A4F82-B9BA-4A5B-BB7E-B2C388D72B21} = {69B44C59-54A2-49C5-8E2E-54DCD37FF2DD}
		{CF020762-38DA-4730-94FC-A33D2E181BAC} = {69B44C59-54A2-49C5-8E2E-54DCD37FF2DD}
		{03161172-19F3-4A3C-AC83-8B6075D558C8} = {69B44C59-54A2-49C5-8E2E-54DCD37FF2DD}
		{F959F1B3-1D27-4646-8F41-F92085128D9C} = {69B44C59-54A2-49C5-8E2E-54DCD37FF2DD}
		{FDFEA378-D2CC-45FB-8313-4425969DCBCC} = {69B44C59-54A2-49C5-8E2E-54DCD37FF2DD}
		{05C82153-B418-41BC-9753-363271AFE654} = {69B44C59-54A2-49C5-8E2E-54DCD37FF2DD}
		{B9B05B2A-9D4A-456B-9E83-A17D16C94DA5} = {69B44C59-54A2-49C5-8E2E-54DCD37FF2DD}
		{D8D0F1C1-53CC-46F6-974D-F0733F28628F} = {69B44C59-54A2-49C5-8E2E-54DCD37FF2DD}
		{50222C12-FF6E-413E-9F32-2E8342F68891} = {69B44C59-54A2-49C5-8E2E-54DCD37FF2DD}
		{186CCD9C-69A8-495B-AB6C-DCDFCB11ED84} = {69B44C59-54A2-49C5-8E2E-54DCD37FF2DD}
		{EB972A9A-2102-41EC-B01E-18E204C0DD2F} = {69B44C59-54A2-49C5-8E2E-54DCD37FF2DD}
	EndGlobalSection
	GlobalSection(SolutionConfigurationPlatforms) = preSolution
		Debug|Any CPU = Debug|Any CPU
		Release|Any CPU = Release|Any CPU
	EndGlobalSection
	GlobalSection(ProjectConfigurationPlatforms) = postSolution
		{DF8EAC7B-A93C-4D06-9132-F513563452A1}.Debug|Any CPU.ActiveCfg = Debug|Any CPU
		{DF8EAC7B-A93C-4D06-9132-F513563452A1}.Debug|Any CPU.Build.0 = Debug|Any CPU
		{DF8EAC7B-A93C-4D06-9132-F513563452A1}.Release|Any CPU.ActiveCfg = Release|Any CPU
		{DF8EAC7B-A93C-4D06-9132-F513563452A1}.Release|Any CPU.Build.0 = Release|Any CPU
		{7761D386-CFFE-4F58-B2A0-49A6B22A1C6B}.Debug|Any CPU.ActiveCfg = Debug|Any CPU
		{7761D386-CFFE-4F58-B2A0-49A6B22A1C6B}.Debug|Any CPU.Build.0 = Debug|Any CPU
		{7761D386-CFFE-4F58-B2A0-49A6B22A1C6B}.Release|Any CPU.ActiveCfg = Release|Any CPU
		{7761D386-CFFE-4F58-B2A0-49A6B22A1C6B}.Release|Any CPU.Build.0 = Release|Any CPU
		{CEFC974C-6638-4818-BE52-D9858B7221BE}.Debug|Any CPU.ActiveCfg = Debug|Any CPU
		{CEFC974C-6638-4818-BE52-D9858B7221BE}.Debug|Any CPU.Build.0 = Debug|Any CPU
		{CEFC974C-6638-4818-BE52-D9858B7221BE}.Release|Any CPU.ActiveCfg = Release|Any CPU
		{CEFC974C-6638-4818-BE52-D9858B7221BE}.Release|Any CPU.Build.0 = Release|Any CPU
		{FBEC6687-BE60-4F7F-97D6-DD6D2C64B077}.Debug|Any CPU.ActiveCfg = Debug|Any CPU
		{FBEC6687-BE60-4F7F-97D6-DD6D2C64B077}.Debug|Any CPU.Build.0 = Debug|Any CPU
		{FBEC6687-BE60-4F7F-97D6-DD6D2C64B077}.Release|Any CPU.ActiveCfg = Release|Any CPU
		{FBEC6687-BE60-4F7F-97D6-DD6D2C64B077}.Release|Any CPU.Build.0 = Release|Any CPU
		{A6F124C7-E9BE-498F-AB1C-BA135AB22AFE}.Debug|Any CPU.ActiveCfg = Debug|Any CPU
		{A6F124C7-E9BE-498F-AB1C-BA135AB22AFE}.Debug|Any CPU.Build.0 = Debug|Any CPU
		{A6F124C7-E9BE-498F-AB1C-BA135AB22AFE}.Release|Any CPU.ActiveCfg = Release|Any CPU
		{A6F124C7-E9BE-498F-AB1C-BA135AB22AFE}.Release|Any CPU.Build.0 = Release|Any CPU
		{9EF7972A-E038-4865-94B3-8C7DBE1FFDF0}.Debug|Any CPU.ActiveCfg = Debug|Any CPU
		{9EF7972A-E038-4865-94B3-8C7DBE1FFDF0}.Debug|Any CPU.Build.0 = Debug|Any CPU
		{9EF7972A-E038-4865-94B3-8C7DBE1FFDF0}.Release|Any CPU.ActiveCfg = Release|Any CPU
		{9EF7972A-E038-4865-94B3-8C7DBE1FFDF0}.Release|Any CPU.Build.0 = Release|Any CPU
		{6FE1E299-078D-4910-B165-CA630A1D6CD4}.Debug|Any CPU.ActiveCfg = Debug|Any CPU
		{6FE1E299-078D-4910-B165-CA630A1D6CD4}.Debug|Any CPU.Build.0 = Debug|Any CPU
		{6FE1E299-078D-4910-B165-CA630A1D6CD4}.Release|Any CPU.ActiveCfg = Release|Any CPU
		{6FE1E299-078D-4910-B165-CA630A1D6CD4}.Release|Any CPU.Build.0 = Release|Any CPU
		{948E9E08-B04C-410F-ADF1-17FF11A3CB27}.Debug|Any CPU.ActiveCfg = Debug|Any CPU
		{948E9E08-B04C-410F-ADF1-17FF11A3CB27}.Debug|Any CPU.Build.0 = Debug|Any CPU
		{948E9E08-B04C-410F-ADF1-17FF11A3CB27}.Release|Any CPU.ActiveCfg = Release|Any CPU
		{948E9E08-B04C-410F-ADF1-17FF11A3CB27}.Release|Any CPU.Build.0 = Release|Any CPU
		{D503A302-3CB1-492C-A829-5E3D240A495C}.Debug|Any CPU.ActiveCfg = Debug|Any CPU
		{D503A302-3CB1-492C-A829-5E3D240A495C}.Debug|Any CPU.Build.0 = Debug|Any CPU
		{D503A302-3CB1-492C-A829-5E3D240A495C}.Release|Any CPU.ActiveCfg = Release|Any CPU
		{D503A302-3CB1-492C-A829-5E3D240A495C}.Release|Any CPU.Build.0 = Release|Any CPU
		{7D3C2EF4-D775-4524-943A-4831FBDC68CC}.Debug|Any CPU.ActiveCfg = Debug|Any CPU
		{7D3C2EF4-D775-4524-943A-4831FBDC68CC}.Debug|Any CPU.Build.0 = Debug|Any CPU
		{7D3C2EF4-D775-4524-943A-4831FBDC68CC}.Release|Any CPU.ActiveCfg = Release|Any CPU
		{7D3C2EF4-D775-4524-943A-4831FBDC68CC}.Release|Any CPU.Build.0 = Release|Any CPU
		{2150F7F3-9BC4-4DBD-9FDD-57A2891435A9}.Debug|Any CPU.ActiveCfg = Debug|Any CPU
		{2150F7F3-9BC4-4DBD-9FDD-57A2891435A9}.Debug|Any CPU.Build.0 = Debug|Any CPU
		{2150F7F3-9BC4-4DBD-9FDD-57A2891435A9}.Release|Any CPU.ActiveCfg = Release|Any CPU
		{2150F7F3-9BC4-4DBD-9FDD-57A2891435A9}.Release|Any CPU.Build.0 = Release|Any CPU
		{BD0BF1E9-D6DD-43C2-9EF1-C8973C9BD344}.Debug|Any CPU.ActiveCfg = Debug|Any CPU
		{BD0BF1E9-D6DD-43C2-9EF1-C8973C9BD344}.Debug|Any CPU.Build.0 = Debug|Any CPU
		{BD0BF1E9-D6DD-43C2-9EF1-C8973C9BD344}.Release|Any CPU.ActiveCfg = Release|Any CPU
		{BD0BF1E9-D6DD-43C2-9EF1-C8973C9BD344}.Release|Any CPU.Build.0 = Release|Any CPU
		{FA27F37C-8CB2-4314-A118-EE71534746FC}.Debug|Any CPU.ActiveCfg = Debug|Any CPU
		{FA27F37C-8CB2-4314-A118-EE71534746FC}.Debug|Any CPU.Build.0 = Debug|Any CPU
		{FA27F37C-8CB2-4314-A118-EE71534746FC}.Release|Any CPU.ActiveCfg = Release|Any CPU
		{FA27F37C-8CB2-4314-A118-EE71534746FC}.Release|Any CPU.Build.0 = Release|Any CPU
		{0C9D0CB4-49FA-4D38-B0CB-BAD15D924E0D}.Debug|Any CPU.ActiveCfg = Debug|Any CPU
		{0C9D0CB4-49FA-4D38-B0CB-BAD15D924E0D}.Debug|Any CPU.Build.0 = Debug|Any CPU
		{0C9D0CB4-49FA-4D38-B0CB-BAD15D924E0D}.Release|Any CPU.ActiveCfg = Release|Any CPU
		{0C9D0CB4-49FA-4D38-B0CB-BAD15D924E0D}.Release|Any CPU.Build.0 = Release|Any CPU
		{9ACB051A-AD39-42CC-A0B5-743B4FD577A4}.Debug|Any CPU.ActiveCfg = Debug|Any CPU
		{9ACB051A-AD39-42CC-A0B5-743B4FD577A4}.Debug|Any CPU.Build.0 = Debug|Any CPU
		{9ACB051A-AD39-42CC-A0B5-743B4FD577A4}.Release|Any CPU.ActiveCfg = Release|Any CPU
		{9ACB051A-AD39-42CC-A0B5-743B4FD577A4}.Release|Any CPU.Build.0 = Release|Any CPU
		{C5BBBCD9-E766-482C-ADC4-54BF584F44D5}.Debug|Any CPU.ActiveCfg = Debug|Any CPU
		{C5BBBCD9-E766-482C-ADC4-54BF584F44D5}.Debug|Any CPU.Build.0 = Debug|Any CPU
		{C5BBBCD9-E766-482C-ADC4-54BF584F44D5}.Release|Any CPU.ActiveCfg = Release|Any CPU
		{C5BBBCD9-E766-482C-ADC4-54BF584F44D5}.Release|Any CPU.Build.0 = Release|Any CPU
		{78BD4EE3-D845-49E5-BD75-2C712B090B78}.Debug|Any CPU.ActiveCfg = Debug|Any CPU
		{78BD4EE3-D845-49E5-BD75-2C712B090B78}.Debug|Any CPU.Build.0 = Debug|Any CPU
		{78BD4EE3-D845-49E5-BD75-2C712B090B78}.Release|Any CPU.ActiveCfg = Release|Any CPU
		{78BD4EE3-D845-49E5-BD75-2C712B090B78}.Release|Any CPU.Build.0 = Release|Any CPU
		{0454894E-A1F5-4954-8937-37021A1BBE0C}.Debug|Any CPU.ActiveCfg = Debug|Any CPU
		{0454894E-A1F5-4954-8937-37021A1BBE0C}.Debug|Any CPU.Build.0 = Debug|Any CPU
		{0454894E-A1F5-4954-8937-37021A1BBE0C}.Release|Any CPU.ActiveCfg = Release|Any CPU
		{0454894E-A1F5-4954-8937-37021A1BBE0C}.Release|Any CPU.Build.0 = Release|Any CPU
		{4D93FA51-CA4A-41DF-B50A-164B9D93AA7D}.Debug|Any CPU.ActiveCfg = Debug|Any CPU
		{4D93FA51-CA4A-41DF-B50A-164B9D93AA7D}.Debug|Any CPU.Build.0 = Debug|Any CPU
		{4D93FA51-CA4A-41DF-B50A-164B9D93AA7D}.Release|Any CPU.ActiveCfg = Release|Any CPU
		{4D93FA51-CA4A-41DF-B50A-164B9D93AA7D}.Release|Any CPU.Build.0 = Release|Any CPU
		{0BD998CB-78F9-4B79-A02A-1BB056016447}.Debug|Any CPU.ActiveCfg = Debug|Any CPU
		{0BD998CB-78F9-4B79-A02A-1BB056016447}.Debug|Any CPU.Build.0 = Debug|Any CPU
		{0BD998CB-78F9-4B79-A02A-1BB056016447}.Release|Any CPU.ActiveCfg = Release|Any CPU
		{0BD998CB-78F9-4B79-A02A-1BB056016447}.Release|Any CPU.Build.0 = Release|Any CPU
		{B0B95DCB-5FBD-4B10-B96E-B406C99333A7}.Debug|Any CPU.ActiveCfg = Debug|Any CPU
		{B0B95DCB-5FBD-4B10-B96E-B406C99333A7}.Debug|Any CPU.Build.0 = Debug|Any CPU
		{B0B95DCB-5FBD-4B10-B96E-B406C99333A7}.Release|Any CPU.ActiveCfg = Release|Any CPU
		{B0B95DCB-5FBD-4B10-B96E-B406C99333A7}.Release|Any CPU.Build.0 = Release|Any CPU
		{05FCDACC-73F7-4478-9CC7-90C1C81B9DEA}.Debug|Any CPU.ActiveCfg = Debug|Any CPU
		{05FCDACC-73F7-4478-9CC7-90C1C81B9DEA}.Debug|Any CPU.Build.0 = Debug|Any CPU
		{05FCDACC-73F7-4478-9CC7-90C1C81B9DEA}.Release|Any CPU.ActiveCfg = Release|Any CPU
		{05FCDACC-73F7-4478-9CC7-90C1C81B9DEA}.Release|Any CPU.Build.0 = Release|Any CPU
		{02008E74-C9A4-4063-AE05-A0EE986701C8}.Debug|Any CPU.ActiveCfg = Debug|Any CPU
		{02008E74-C9A4-4063-AE05-A0EE986701C8}.Debug|Any CPU.Build.0 = Debug|Any CPU
		{02008E74-C9A4-4063-AE05-A0EE986701C8}.Release|Any CPU.ActiveCfg = Release|Any CPU
		{02008E74-C9A4-4063-AE05-A0EE986701C8}.Release|Any CPU.Build.0 = Release|Any CPU
		{FAE18A6D-B1D9-4D05-8F14-4C80C09B50C5}.Debug|Any CPU.ActiveCfg = Debug|Any CPU
		{FAE18A6D-B1D9-4D05-8F14-4C80C09B50C5}.Debug|Any CPU.Build.0 = Debug|Any CPU
		{FAE18A6D-B1D9-4D05-8F14-4C80C09B50C5}.Release|Any CPU.ActiveCfg = Release|Any CPU
		{FAE18A6D-B1D9-4D05-8F14-4C80C09B50C5}.Release|Any CPU.Build.0 = Release|Any CPU
		{55777A05-B819-4341-B0C0-05541BD32EC9}.Debug|Any CPU.ActiveCfg = Debug|Any CPU
		{55777A05-B819-4341-B0C0-05541BD32EC9}.Debug|Any CPU.Build.0 = Debug|Any CPU
		{55777A05-B819-4341-B0C0-05541BD32EC9}.Release|Any CPU.ActiveCfg = Release|Any CPU
		{55777A05-B819-4341-B0C0-05541BD32EC9}.Release|Any CPU.Build.0 = Release|Any CPU
		{9662BF9C-9132-429A-9998-171C52AEEF74}.Debug|Any CPU.ActiveCfg = Debug|Any CPU
		{9662BF9C-9132-429A-9998-171C52AEEF74}.Debug|Any CPU.Build.0 = Debug|Any CPU
		{9662BF9C-9132-429A-9998-171C52AEEF74}.Release|Any CPU.ActiveCfg = Release|Any CPU
		{9662BF9C-9132-429A-9998-171C52AEEF74}.Release|Any CPU.Build.0 = Release|Any CPU
		{2F75B205-2FEA-48C5-811E-D4BED1EEC5B1}.Debug|Any CPU.ActiveCfg = Debug|Any CPU
		{2F75B205-2FEA-48C5-811E-D4BED1EEC5B1}.Debug|Any CPU.Build.0 = Debug|Any CPU
		{2F75B205-2FEA-48C5-811E-D4BED1EEC5B1}.Release|Any CPU.ActiveCfg = Release|Any CPU
		{2F75B205-2FEA-48C5-811E-D4BED1EEC5B1}.Release|Any CPU.Build.0 = Release|Any CPU
		{2DAEF69D-230F-478E-959D-538D3E74F008}.Debug|Any CPU.ActiveCfg = Debug|Any CPU
		{2DAEF69D-230F-478E-959D-538D3E74F008}.Debug|Any CPU.Build.0 = Debug|Any CPU
		{2DAEF69D-230F-478E-959D-538D3E74F008}.Release|Any CPU.ActiveCfg = Release|Any CPU
		{2DAEF69D-230F-478E-959D-538D3E74F008}.Release|Any CPU.Build.0 = Release|Any CPU
		{01552B23-F822-4296-A6DD-2FF9D49B3CC0}.Debug|Any CPU.ActiveCfg = Debug|Any CPU
		{01552B23-F822-4296-A6DD-2FF9D49B3CC0}.Debug|Any CPU.Build.0 = Debug|Any CPU
		{01552B23-F822-4296-A6DD-2FF9D49B3CC0}.Release|Any CPU.ActiveCfg = Release|Any CPU
		{01552B23-F822-4296-A6DD-2FF9D49B3CC0}.Release|Any CPU.Build.0 = Release|Any CPU
		{0618D785-C751-428C-A3BB-A61BBD998953}.Debug|Any CPU.ActiveCfg = Debug|Any CPU
		{0618D785-C751-428C-A3BB-A61BBD998953}.Debug|Any CPU.Build.0 = Debug|Any CPU
		{0618D785-C751-428C-A3BB-A61BBD998953}.Release|Any CPU.ActiveCfg = Release|Any CPU
		{0618D785-C751-428C-A3BB-A61BBD998953}.Release|Any CPU.Build.0 = Release|Any CPU
		{185AFA82-2362-4638-8989-5877AA94BF90}.Debug|Any CPU.ActiveCfg = Debug|Any CPU
		{185AFA82-2362-4638-8989-5877AA94BF90}.Debug|Any CPU.Build.0 = Debug|Any CPU
		{185AFA82-2362-4638-8989-5877AA94BF90}.Release|Any CPU.ActiveCfg = Release|Any CPU
		{185AFA82-2362-4638-8989-5877AA94BF90}.Release|Any CPU.Build.0 = Release|Any CPU
		{ECBC45F6-45CB-4C2D-A6A7-F17538FD581B}.Debug|Any CPU.ActiveCfg = Debug|Any CPU
		{ECBC45F6-45CB-4C2D-A6A7-F17538FD581B}.Debug|Any CPU.Build.0 = Debug|Any CPU
		{ECBC45F6-45CB-4C2D-A6A7-F17538FD581B}.Release|Any CPU.ActiveCfg = Release|Any CPU
		{ECBC45F6-45CB-4C2D-A6A7-F17538FD581B}.Release|Any CPU.Build.0 = Release|Any CPU
		{BF4BFAB4-5202-4888-B71C-220E1E943A98}.Debug|Any CPU.ActiveCfg = Debug|Any CPU
		{BF4BFAB4-5202-4888-B71C-220E1E943A98}.Debug|Any CPU.Build.0 = Debug|Any CPU
		{BF4BFAB4-5202-4888-B71C-220E1E943A98}.Release|Any CPU.ActiveCfg = Release|Any CPU
		{BF4BFAB4-5202-4888-B71C-220E1E943A98}.Release|Any CPU.Build.0 = Release|Any CPU
		{76278941-D709-4D4F-95D0-043E7AED1281}.Debug|Any CPU.ActiveCfg = Debug|Any CPU
		{76278941-D709-4D4F-95D0-043E7AED1281}.Debug|Any CPU.Build.0 = Debug|Any CPU
		{76278941-D709-4D4F-95D0-043E7AED1281}.Release|Any CPU.ActiveCfg = Release|Any CPU
		{76278941-D709-4D4F-95D0-043E7AED1281}.Release|Any CPU.Build.0 = Release|Any CPU
		{884514C7-8324-4D21-B397-D27E77A4BC16}.Debug|Any CPU.ActiveCfg = Debug|Any CPU
		{884514C7-8324-4D21-B397-D27E77A4BC16}.Debug|Any CPU.Build.0 = Debug|Any CPU
		{884514C7-8324-4D21-B397-D27E77A4BC16}.Release|Any CPU.ActiveCfg = Release|Any CPU
		{884514C7-8324-4D21-B397-D27E77A4BC16}.Release|Any CPU.Build.0 = Release|Any CPU
		{7F7954AA-16A3-4633-8B70-747B9B3FA836}.Debug|Any CPU.ActiveCfg = Debug|Any CPU
		{7F7954AA-16A3-4633-8B70-747B9B3FA836}.Debug|Any CPU.Build.0 = Debug|Any CPU
		{7F7954AA-16A3-4633-8B70-747B9B3FA836}.Release|Any CPU.ActiveCfg = Release|Any CPU
		{7F7954AA-16A3-4633-8B70-747B9B3FA836}.Release|Any CPU.Build.0 = Release|Any CPU
		{4B30701B-0650-4BAB-A82C-6B57776BF560}.Debug|Any CPU.ActiveCfg = Debug|Any CPU
		{4B30701B-0650-4BAB-A82C-6B57776BF560}.Debug|Any CPU.Build.0 = Debug|Any CPU
		{4B30701B-0650-4BAB-A82C-6B57776BF560}.Release|Any CPU.ActiveCfg = Release|Any CPU
		{4B30701B-0650-4BAB-A82C-6B57776BF560}.Release|Any CPU.Build.0 = Release|Any CPU
		{410AA277-62AF-41A9-85D4-D0F8234AD71F}.Debug|Any CPU.ActiveCfg = Debug|Any CPU
		{410AA277-62AF-41A9-85D4-D0F8234AD71F}.Debug|Any CPU.Build.0 = Debug|Any CPU
		{410AA277-62AF-41A9-85D4-D0F8234AD71F}.Release|Any CPU.ActiveCfg = Release|Any CPU
		{410AA277-62AF-41A9-85D4-D0F8234AD71F}.Release|Any CPU.Build.0 = Release|Any CPU
		{BF0F2AFD-A8E7-4573-A494-D7216492EBEF}.Debug|Any CPU.ActiveCfg = Debug|Any CPU
		{BF0F2AFD-A8E7-4573-A494-D7216492EBEF}.Debug|Any CPU.Build.0 = Debug|Any CPU
		{BF0F2AFD-A8E7-4573-A494-D7216492EBEF}.Release|Any CPU.ActiveCfg = Release|Any CPU
		{BF0F2AFD-A8E7-4573-A494-D7216492EBEF}.Release|Any CPU.Build.0 = Release|Any CPU
		{15941583-D49F-4E0D-B94D-1C8362F8F981}.Debug|Any CPU.ActiveCfg = Debug|Any CPU
		{15941583-D49F-4E0D-B94D-1C8362F8F981}.Debug|Any CPU.Build.0 = Debug|Any CPU
		{15941583-D49F-4E0D-B94D-1C8362F8F981}.Release|Any CPU.ActiveCfg = Release|Any CPU
		{15941583-D49F-4E0D-B94D-1C8362F8F981}.Release|Any CPU.Build.0 = Release|Any CPU
		{8BD7874A-CF21-4B5A-ACB0-07238EE8EDC6}.Debug|Any CPU.ActiveCfg = Debug|Any CPU
		{8BD7874A-CF21-4B5A-ACB0-07238EE8EDC6}.Debug|Any CPU.Build.0 = Debug|Any CPU
		{8BD7874A-CF21-4B5A-ACB0-07238EE8EDC6}.Release|Any CPU.ActiveCfg = Release|Any CPU
		{8BD7874A-CF21-4B5A-ACB0-07238EE8EDC6}.Release|Any CPU.Build.0 = Release|Any CPU
		{2FA9660E-2851-4762-A9DE-3B62FC87C77F}.Debug|Any CPU.ActiveCfg = Debug|Any CPU
		{2FA9660E-2851-4762-A9DE-3B62FC87C77F}.Debug|Any CPU.Build.0 = Debug|Any CPU
		{2FA9660E-2851-4762-A9DE-3B62FC87C77F}.Release|Any CPU.ActiveCfg = Release|Any CPU
		{2FA9660E-2851-4762-A9DE-3B62FC87C77F}.Release|Any CPU.Build.0 = Release|Any CPU
		{3DF3966A-6073-41BE-9D6D-BB56B1C475AB}.Debug|Any CPU.ActiveCfg = Debug|Any CPU
		{3DF3966A-6073-41BE-9D6D-BB56B1C475AB}.Debug|Any CPU.Build.0 = Debug|Any CPU
		{3DF3966A-6073-41BE-9D6D-BB56B1C475AB}.Release|Any CPU.ActiveCfg = Release|Any CPU
		{3DF3966A-6073-41BE-9D6D-BB56B1C475AB}.Release|Any CPU.Build.0 = Release|Any CPU
		{9306502E-AFB1-48B1-8CC3-88C5BF3189F7}.Debug|Any CPU.ActiveCfg = Debug|Any CPU
		{9306502E-AFB1-48B1-8CC3-88C5BF3189F7}.Debug|Any CPU.Build.0 = Debug|Any CPU
		{9306502E-AFB1-48B1-8CC3-88C5BF3189F7}.Release|Any CPU.ActiveCfg = Release|Any CPU
		{9306502E-AFB1-48B1-8CC3-88C5BF3189F7}.Release|Any CPU.Build.0 = Release|Any CPU
		{6E99DA19-0EBA-4F65-B4F0-B1BB899CDB84}.Debug|Any CPU.ActiveCfg = Debug|Any CPU
		{6E99DA19-0EBA-4F65-B4F0-B1BB899CDB84}.Debug|Any CPU.Build.0 = Debug|Any CPU
		{6E99DA19-0EBA-4F65-B4F0-B1BB899CDB84}.Release|Any CPU.ActiveCfg = Release|Any CPU
		{6E99DA19-0EBA-4F65-B4F0-B1BB899CDB84}.Release|Any CPU.Build.0 = Release|Any CPU
		{A9EF3DDA-5F4D-4F2F-A783-641DD37073C8}.Debug|Any CPU.ActiveCfg = Debug|Any CPU
		{A9EF3DDA-5F4D-4F2F-A783-641DD37073C8}.Debug|Any CPU.Build.0 = Debug|Any CPU
		{A9EF3DDA-5F4D-4F2F-A783-641DD37073C8}.Release|Any CPU.ActiveCfg = Release|Any CPU
		{A9EF3DDA-5F4D-4F2F-A783-641DD37073C8}.Release|Any CPU.Build.0 = Release|Any CPU
		{D586D410-DABB-4769-B5FA-DA4A8D10EAC6}.Debug|Any CPU.ActiveCfg = Debug|Any CPU
		{D586D410-DABB-4769-B5FA-DA4A8D10EAC6}.Debug|Any CPU.Build.0 = Debug|Any CPU
		{D586D410-DABB-4769-B5FA-DA4A8D10EAC6}.Release|Any CPU.ActiveCfg = Release|Any CPU
		{D586D410-DABB-4769-B5FA-DA4A8D10EAC6}.Release|Any CPU.Build.0 = Release|Any CPU
		{E1FDAA90-4CFB-42C2-89AD-0D16A7638914}.Debug|Any CPU.ActiveCfg = Debug|Any CPU
		{E1FDAA90-4CFB-42C2-89AD-0D16A7638914}.Debug|Any CPU.Build.0 = Debug|Any CPU
		{E1FDAA90-4CFB-42C2-89AD-0D16A7638914}.Release|Any CPU.ActiveCfg = Release|Any CPU
		{E1FDAA90-4CFB-42C2-89AD-0D16A7638914}.Release|Any CPU.Build.0 = Release|Any CPU
		{CA113CFD-2752-4816-A2BD-C27FC3A7766B}.Debug|Any CPU.ActiveCfg = Debug|Any CPU
		{CA113CFD-2752-4816-A2BD-C27FC3A7766B}.Debug|Any CPU.Build.0 = Debug|Any CPU
		{CA113CFD-2752-4816-A2BD-C27FC3A7766B}.Release|Any CPU.ActiveCfg = Release|Any CPU
		{CA113CFD-2752-4816-A2BD-C27FC3A7766B}.Release|Any CPU.Build.0 = Release|Any CPU
		{912F5B7C-CA4F-47B6-BEA0-B4B7ABD22A83}.Debug|Any CPU.ActiveCfg = Debug|Any CPU
		{912F5B7C-CA4F-47B6-BEA0-B4B7ABD22A83}.Debug|Any CPU.Build.0 = Debug|Any CPU
		{912F5B7C-CA4F-47B6-BEA0-B4B7ABD22A83}.Release|Any CPU.ActiveCfg = Release|Any CPU
		{912F5B7C-CA4F-47B6-BEA0-B4B7ABD22A83}.Release|Any CPU.Build.0 = Release|Any CPU
		{28538875-CFF2-4764-BBEB-0E147884A3D2}.Debug|Any CPU.ActiveCfg = Debug|Any CPU
		{28538875-CFF2-4764-BBEB-0E147884A3D2}.Debug|Any CPU.Build.0 = Debug|Any CPU
		{28538875-CFF2-4764-BBEB-0E147884A3D2}.Release|Any CPU.ActiveCfg = Release|Any CPU
		{28538875-CFF2-4764-BBEB-0E147884A3D2}.Release|Any CPU.Build.0 = Release|Any CPU
		{E50B3D27-400D-4935-AA6C-DC9131F1F942}.Debug|Any CPU.ActiveCfg = Debug|Any CPU
		{E50B3D27-400D-4935-AA6C-DC9131F1F942}.Debug|Any CPU.Build.0 = Debug|Any CPU
		{E50B3D27-400D-4935-AA6C-DC9131F1F942}.Release|Any CPU.ActiveCfg = Release|Any CPU
		{E50B3D27-400D-4935-AA6C-DC9131F1F942}.Release|Any CPU.Build.0 = Release|Any CPU
		{AFA612D1-1D41-4965-8045-52874683FC73}.Debug|Any CPU.ActiveCfg = Debug|Any CPU
		{AFA612D1-1D41-4965-8045-52874683FC73}.Debug|Any CPU.Build.0 = Debug|Any CPU
		{AFA612D1-1D41-4965-8045-52874683FC73}.Release|Any CPU.ActiveCfg = Release|Any CPU
		{AFA612D1-1D41-4965-8045-52874683FC73}.Release|Any CPU.Build.0 = Release|Any CPU
		{204AB001-F3D6-4E84-AAF9-8443B4F2A8B1}.Debug|Any CPU.ActiveCfg = Debug|Any CPU
		{204AB001-F3D6-4E84-AAF9-8443B4F2A8B1}.Debug|Any CPU.Build.0 = Debug|Any CPU
		{204AB001-F3D6-4E84-AAF9-8443B4F2A8B1}.Release|Any CPU.ActiveCfg = Release|Any CPU
		{204AB001-F3D6-4E84-AAF9-8443B4F2A8B1}.Release|Any CPU.Build.0 = Release|Any CPU
		{CDD637FA-3908-4E62-9C7B-94FC82C1E567}.Debug|Any CPU.ActiveCfg = Debug|Any CPU
		{CDD637FA-3908-4E62-9C7B-94FC82C1E567}.Debug|Any CPU.Build.0 = Debug|Any CPU
		{CDD637FA-3908-4E62-9C7B-94FC82C1E567}.Release|Any CPU.ActiveCfg = Release|Any CPU
		{CDD637FA-3908-4E62-9C7B-94FC82C1E567}.Release|Any CPU.Build.0 = Release|Any CPU
		{AA7C0026-CCCE-4F7C-87A6-4DFB318E346A}.Debug|Any CPU.ActiveCfg = Debug|Any CPU
		{AA7C0026-CCCE-4F7C-87A6-4DFB318E346A}.Debug|Any CPU.Build.0 = Debug|Any CPU
		{AA7C0026-CCCE-4F7C-87A6-4DFB318E346A}.Release|Any CPU.ActiveCfg = Release|Any CPU
		{AA7C0026-CCCE-4F7C-87A6-4DFB318E346A}.Release|Any CPU.Build.0 = Release|Any CPU
		{8F34E624-F5EC-4DEF-AFE6-A67D5CADC527}.Debug|Any CPU.ActiveCfg = Debug|Any CPU
		{8F34E624-F5EC-4DEF-AFE6-A67D5CADC527}.Debug|Any CPU.Build.0 = Debug|Any CPU
		{8F34E624-F5EC-4DEF-AFE6-A67D5CADC527}.Release|Any CPU.ActiveCfg = Release|Any CPU
		{8F34E624-F5EC-4DEF-AFE6-A67D5CADC527}.Release|Any CPU.Build.0 = Release|Any CPU
		{F2C419F3-5A39-4AC9-BF5F-0E6DD12087AB}.Debug|Any CPU.ActiveCfg = Debug|Any CPU
		{F2C419F3-5A39-4AC9-BF5F-0E6DD12087AB}.Debug|Any CPU.Build.0 = Debug|Any CPU
		{F2C419F3-5A39-4AC9-BF5F-0E6DD12087AB}.Release|Any CPU.ActiveCfg = Release|Any CPU
		{F2C419F3-5A39-4AC9-BF5F-0E6DD12087AB}.Release|Any CPU.Build.0 = Release|Any CPU
		{D1F2DA4F-9FF9-4549-A9A3-31D5516CE703}.Debug|Any CPU.ActiveCfg = Debug|Any CPU
		{D1F2DA4F-9FF9-4549-A9A3-31D5516CE703}.Debug|Any CPU.Build.0 = Debug|Any CPU
		{D1F2DA4F-9FF9-4549-A9A3-31D5516CE703}.Release|Any CPU.ActiveCfg = Release|Any CPU
		{D1F2DA4F-9FF9-4549-A9A3-31D5516CE703}.Release|Any CPU.Build.0 = Release|Any CPU
		{67A26AE2-D9EB-4080-8B85-DFD9EB39DF9B}.Debug|Any CPU.ActiveCfg = Debug|Any CPU
		{67A26AE2-D9EB-4080-8B85-DFD9EB39DF9B}.Debug|Any CPU.Build.0 = Debug|Any CPU
		{67A26AE2-D9EB-4080-8B85-DFD9EB39DF9B}.Release|Any CPU.ActiveCfg = Release|Any CPU
		{67A26AE2-D9EB-4080-8B85-DFD9EB39DF9B}.Release|Any CPU.Build.0 = Release|Any CPU
		{6DCCDA1A-BBCF-4E02-B636-29174AC7F59D}.Debug|Any CPU.ActiveCfg = Debug|Any CPU
		{6DCCDA1A-BBCF-4E02-B636-29174AC7F59D}.Debug|Any CPU.Build.0 = Debug|Any CPU
		{6DCCDA1A-BBCF-4E02-B636-29174AC7F59D}.Release|Any CPU.ActiveCfg = Release|Any CPU
		{6DCCDA1A-BBCF-4E02-B636-29174AC7F59D}.Release|Any CPU.Build.0 = Release|Any CPU
		{2910A7A4-2343-456D-8B8A-6FDA6B940CD4}.Debug|Any CPU.ActiveCfg = Debug|Any CPU
		{2910A7A4-2343-456D-8B8A-6FDA6B940CD4}.Debug|Any CPU.Build.0 = Debug|Any CPU
		{2910A7A4-2343-456D-8B8A-6FDA6B940CD4}.Release|Any CPU.ActiveCfg = Release|Any CPU
		{2910A7A4-2343-456D-8B8A-6FDA6B940CD4}.Release|Any CPU.Build.0 = Release|Any CPU
		{4E6BDF68-F320-4571-840E-8745C833B557}.Debug|Any CPU.ActiveCfg = Debug|Any CPU
		{4E6BDF68-F320-4571-840E-8745C833B557}.Debug|Any CPU.Build.0 = Debug|Any CPU
		{4E6BDF68-F320-4571-840E-8745C833B557}.Release|Any CPU.ActiveCfg = Release|Any CPU
		{4E6BDF68-F320-4571-840E-8745C833B557}.Release|Any CPU.Build.0 = Release|Any CPU
		{E19EBDF5-218A-4B5E-8751-02013E986D89}.Debug|Any CPU.ActiveCfg = Debug|Any CPU
		{E19EBDF5-218A-4B5E-8751-02013E986D89}.Debug|Any CPU.Build.0 = Debug|Any CPU
		{E19EBDF5-218A-4B5E-8751-02013E986D89}.Release|Any CPU.ActiveCfg = Release|Any CPU
		{E19EBDF5-218A-4B5E-8751-02013E986D89}.Release|Any CPU.Build.0 = Release|Any CPU
		{7CE991F8-BD43-4701-8AF7-908997EEA25F}.Debug|Any CPU.ActiveCfg = Debug|Any CPU
		{7CE991F8-BD43-4701-8AF7-908997EEA25F}.Debug|Any CPU.Build.0 = Debug|Any CPU
		{7CE991F8-BD43-4701-8AF7-908997EEA25F}.Release|Any CPU.ActiveCfg = Release|Any CPU
		{7CE991F8-BD43-4701-8AF7-908997EEA25F}.Release|Any CPU.Build.0 = Release|Any CPU
		{DAF5DCA3-56D1-432F-AF77-7E10DC1BBD3A}.Debug|Any CPU.ActiveCfg = Debug|Any CPU
		{DAF5DCA3-56D1-432F-AF77-7E10DC1BBD3A}.Debug|Any CPU.Build.0 = Debug|Any CPU
		{DAF5DCA3-56D1-432F-AF77-7E10DC1BBD3A}.Release|Any CPU.ActiveCfg = Release|Any CPU
		{DAF5DCA3-56D1-432F-AF77-7E10DC1BBD3A}.Release|Any CPU.Build.0 = Release|Any CPU
		{7BCE6020-599B-4FDA-A146-FB218E151252}.Debug|Any CPU.ActiveCfg = Debug|Any CPU
		{7BCE6020-599B-4FDA-A146-FB218E151252}.Debug|Any CPU.Build.0 = Debug|Any CPU
		{7BCE6020-599B-4FDA-A146-FB218E151252}.Release|Any CPU.ActiveCfg = Release|Any CPU
		{7BCE6020-599B-4FDA-A146-FB218E151252}.Release|Any CPU.Build.0 = Release|Any CPU
		{2834492E-97DA-40D4-88AB-104CF22B7047}.Debug|Any CPU.ActiveCfg = Debug|Any CPU
		{2834492E-97DA-40D4-88AB-104CF22B7047}.Debug|Any CPU.Build.0 = Debug|Any CPU
		{2834492E-97DA-40D4-88AB-104CF22B7047}.Release|Any CPU.ActiveCfg = Release|Any CPU
		{2834492E-97DA-40D4-88AB-104CF22B7047}.Release|Any CPU.Build.0 = Release|Any CPU
		{58A7801D-59E7-49AC-B4A1-D843C068C2A1}.Debug|Any CPU.ActiveCfg = Debug|Any CPU
		{58A7801D-59E7-49AC-B4A1-D843C068C2A1}.Debug|Any CPU.Build.0 = Debug|Any CPU
		{58A7801D-59E7-49AC-B4A1-D843C068C2A1}.Release|Any CPU.ActiveCfg = Release|Any CPU
		{58A7801D-59E7-49AC-B4A1-D843C068C2A1}.Release|Any CPU.Build.0 = Release|Any CPU
		{A84A4F82-B9BA-4A5B-BB7E-B2C388D72B21}.Debug|Any CPU.ActiveCfg = Debug|Any CPU
		{A84A4F82-B9BA-4A5B-BB7E-B2C388D72B21}.Debug|Any CPU.Build.0 = Debug|Any CPU
		{A84A4F82-B9BA-4A5B-BB7E-B2C388D72B21}.Release|Any CPU.ActiveCfg = Release|Any CPU
		{A84A4F82-B9BA-4A5B-BB7E-B2C388D72B21}.Release|Any CPU.Build.0 = Release|Any CPU
		{CF020762-38DA-4730-94FC-A33D2E181BAC}.Debug|Any CPU.ActiveCfg = Debug|Any CPU
		{CF020762-38DA-4730-94FC-A33D2E181BAC}.Debug|Any CPU.Build.0 = Debug|Any CPU
		{CF020762-38DA-4730-94FC-A33D2E181BAC}.Release|Any CPU.ActiveCfg = Release|Any CPU
		{CF020762-38DA-4730-94FC-A33D2E181BAC}.Release|Any CPU.Build.0 = Release|Any CPU
		{03161172-19F3-4A3C-AC83-8B6075D558C8}.Debug|Any CPU.ActiveCfg = Debug|Any CPU
		{03161172-19F3-4A3C-AC83-8B6075D558C8}.Debug|Any CPU.Build.0 = Debug|Any CPU
		{03161172-19F3-4A3C-AC83-8B6075D558C8}.Release|Any CPU.ActiveCfg = Release|Any CPU
		{03161172-19F3-4A3C-AC83-8B6075D558C8}.Release|Any CPU.Build.0 = Release|Any CPU
		{F959F1B3-1D27-4646-8F41-F92085128D9C}.Debug|Any CPU.ActiveCfg = Debug|Any CPU
		{F959F1B3-1D27-4646-8F41-F92085128D9C}.Debug|Any CPU.Build.0 = Debug|Any CPU
		{F959F1B3-1D27-4646-8F41-F92085128D9C}.Release|Any CPU.ActiveCfg = Release|Any CPU
		{F959F1B3-1D27-4646-8F41-F92085128D9C}.Release|Any CPU.Build.0 = Release|Any CPU
		{FDFEA378-D2CC-45FB-8313-4425969DCBCC}.Debug|Any CPU.ActiveCfg = Debug|Any CPU
		{FDFEA378-D2CC-45FB-8313-4425969DCBCC}.Debug|Any CPU.Build.0 = Debug|Any CPU
		{FDFEA378-D2CC-45FB-8313-4425969DCBCC}.Release|Any CPU.ActiveCfg = Release|Any CPU
		{FDFEA378-D2CC-45FB-8313-4425969DCBCC}.Release|Any CPU.Build.0 = Release|Any CPU
		{05C82153-B418-41BC-9753-363271AFE654}.Debug|Any CPU.ActiveCfg = Debug|Any CPU
		{05C82153-B418-41BC-9753-363271AFE654}.Debug|Any CPU.Build.0 = Debug|Any CPU
		{05C82153-B418-41BC-9753-363271AFE654}.Release|Any CPU.ActiveCfg = Release|Any CPU
		{05C82153-B418-41BC-9753-363271AFE654}.Release|Any CPU.Build.0 = Release|Any CPU
		{B9B05B2A-9D4A-456B-9E83-A17D16C94DA5}.Debug|Any CPU.ActiveCfg = Debug|Any CPU
		{B9B05B2A-9D4A-456B-9E83-A17D16C94DA5}.Debug|Any CPU.Build.0 = Debug|Any CPU
		{B9B05B2A-9D4A-456B-9E83-A17D16C94DA5}.Release|Any CPU.ActiveCfg = Release|Any CPU
		{B9B05B2A-9D4A-456B-9E83-A17D16C94DA5}.Release|Any CPU.Build.0 = Release|Any CPU
		{D8D0F1C1-53CC-46F6-974D-F0733F28628F}.Debug|Any CPU.ActiveCfg = Debug|Any CPU
		{D8D0F1C1-53CC-46F6-974D-F0733F28628F}.Debug|Any CPU.Build.0 = Debug|Any CPU
		{D8D0F1C1-53CC-46F6-974D-F0733F28628F}.Release|Any CPU.ActiveCfg = Release|Any CPU
		{D8D0F1C1-53CC-46F6-974D-F0733F28628F}.Release|Any CPU.Build.0 = Release|Any CPU
		{50222C12-FF6E-413E-9F32-2E8342F68891}.Debug|Any CPU.ActiveCfg = Debug|Any CPU
		{50222C12-FF6E-413E-9F32-2E8342F68891}.Debug|Any CPU.Build.0 = Debug|Any CPU
		{50222C12-FF6E-413E-9F32-2E8342F68891}.Release|Any CPU.ActiveCfg = Release|Any CPU
		{50222C12-FF6E-413E-9F32-2E8342F68891}.Release|Any CPU.Build.0 = Release|Any CPU
		{186CCD9C-69A8-495B-AB6C-DCDFCB11ED84}.Debug|Any CPU.ActiveCfg = Debug|Any CPU
		{186CCD9C-69A8-495B-AB6C-DCDFCB11ED84}.Debug|Any CPU.Build.0 = Debug|Any CPU
		{186CCD9C-69A8-495B-AB6C-DCDFCB11ED84}.Release|Any CPU.ActiveCfg = Release|Any CPU
		{186CCD9C-69A8-495B-AB6C-DCDFCB11ED84}.Release|Any CPU.Build.0 = Release|Any CPU
		{EB972A9A-2102-41EC-B01E-18E204C0DD2F}.Debug|Any CPU.ActiveCfg = Debug|Any CPU
		{EB972A9A-2102-41EC-B01E-18E204C0DD2F}.Debug|Any CPU.Build.0 = Debug|Any CPU
		{EB972A9A-2102-41EC-B01E-18E204C0DD2F}.Release|Any CPU.ActiveCfg = Release|Any CPU
		{EB972A9A-2102-41EC-B01E-18E204C0DD2F}.Release|Any CPU.Build.0 = Release|Any CPU
	EndGlobalSection
	GlobalSection(SolutionProperties) = preSolution
		HideSolutionNode = FALSE
	EndGlobalSection
	GlobalSection(ExtensibilityGlobals) = postSolution
		SolutionGuid = {2798D61E-0C8F-4552-A8C9-A478A0AEE962}
	EndGlobalSection
EndGlobal
